
Microsoft Visual Studio Solution File, Format Version 12.00
# Visual Studio Express 2012 for Windows Desktop
Project("{FAE04EC0-301F-11D3-BF4B-00C04F79EFBC}") = "DBExport", "DBExport\DBExport.csproj", "{C6D68574-9A10-4BCC-915D-36688799C604}"
	ProjectSection(ProjectDependencies) = postProject
		{0B509F7D-A6C6-400C-A10C-D44BF19AE624} = {0B509F7D-A6C6-400C-A10C-D44BF19AE624}
	EndProjectSection
EndProject
Project("{FAE04EC0-301F-11D3-BF4B-00C04F79EFBC}") = "DbExport.Database", "DbExport.Database\DbExport.Database.csproj", "{07259ACF-FE12-45D2-B65D-39C788D18747}"
EndProject
Project("{2150E333-8FDC-42A3-9474-1A3956D46DE8}") = ".nuget", ".nuget", "{98237C76-AEE5-4F6B-95CD-47E49C3CE2FA}"
	ProjectSection(SolutionItems) = preProject
		.nuget\NuGet.Config = .nuget\NuGet.Config
		.nuget\NuGet.exe = .nuget\NuGet.exe
		.nuget\NuGet.targets = .nuget\NuGet.targets
	EndProjectSection
EndProject
Project("{FAE04EC0-301F-11D3-BF4B-00C04F79EFBC}") = "DbExport.CSV", "DbExport.CSV\DbExport.CSV.csproj", "{EF6872FC-C439-47E2-9A28-90FE971645E7}"
EndProject
Project("{FAE04EC0-301F-11D3-BF4B-00C04F79EFBC}") = "DBExport.Common", "DBExport.Common\DBExport.Common.csproj", "{12DE7E30-F56C-456B-8C33-4EFF1184283E}"
EndProject
Project("{FAE04EC0-301F-11D3-BF4B-00C04F79EFBC}") = "DbExport.Data", "DbExport.Data\DbExport.Data.csproj", "{43EAE098-99EC-493E-944C-850B4CA8887C}"
EndProject
Project("{FAE04EC0-301F-11D3-BF4B-00C04F79EFBC}") = "DbExport.Controls", "DbExport.Controls\DbExport.Controls.csproj", "{0B509F7D-A6C6-400C-A10C-D44BF19AE624}"
EndProject
Global
	GlobalSection(SolutionConfigurationPlatforms) = preSolution
		Debug|Any CPU = Debug|Any CPU
		Debug|Mixed Platforms = Debug|Mixed Platforms
		Debug|x86 = Debug|x86
		Release|Any CPU = Release|Any CPU
		Release|Mixed Platforms = Release|Mixed Platforms
		Release|x86 = Release|x86
	EndGlobalSection
	GlobalSection(ProjectConfigurationPlatforms) = postSolution
		{C6D68574-9A10-4BCC-915D-36688799C604}.Debug|Any CPU.ActiveCfg = Debug|x86
		{C6D68574-9A10-4BCC-915D-36688799C604}.Debug|Any CPU.Build.0 = Debug|x86
		{C6D68574-9A10-4BCC-915D-36688799C604}.Debug|Any CPU.Deploy.0 = Debug|x86
		{C6D68574-9A10-4BCC-915D-36688799C604}.Debug|Mixed Platforms.ActiveCfg = Debug|x86
		{C6D68574-9A10-4BCC-915D-36688799C604}.Debug|Mixed Platforms.Build.0 = Debug|x86
		{C6D68574-9A10-4BCC-915D-36688799C604}.Debug|x86.ActiveCfg = Debug|x86
		{C6D68574-9A10-4BCC-915D-36688799C604}.Debug|x86.Build.0 = Debug|x86
		{C6D68574-9A10-4BCC-915D-36688799C604}.Release|Any CPU.ActiveCfg = Release|Any CPU
		{C6D68574-9A10-4BCC-915D-36688799C604}.Release|Any CPU.Build.0 = Release|Any CPU
		{C6D68574-9A10-4BCC-915D-36688799C604}.Release|Mixed Platforms.ActiveCfg = Release|x86
		{C6D68574-9A10-4BCC-915D-36688799C604}.Release|Mixed Platforms.Build.0 = Release|x86
		{C6D68574-9A10-4BCC-915D-36688799C604}.Release|x86.ActiveCfg = Release|x86
		{C6D68574-9A10-4BCC-915D-36688799C604}.Release|x86.Build.0 = Release|x86
		{07259ACF-FE12-45D2-B65D-39C788D18747}.Debug|Any CPU.ActiveCfg = Debug|Any CPU
		{07259ACF-FE12-45D2-B65D-39C788D18747}.Debug|Any CPU.Build.0 = Debug|Any CPU
		{07259ACF-FE12-45D2-B65D-39C788D18747}.Debug|Mixed Platforms.ActiveCfg = Debug|Any CPU
		{07259ACF-FE12-45D2-B65D-39C788D18747}.Debug|Mixed Platforms.Build.0 = Debug|Any CPU
		{07259ACF-FE12-45D2-B65D-39C788D18747}.Debug|x86.ActiveCfg = Debug|Any CPU
		{07259ACF-FE12-45D2-B65D-39C788D18747}.Debug|x86.Build.0 = Debug|Any CPU
		{07259ACF-FE12-45D2-B65D-39C788D18747}.Release|Any CPU.ActiveCfg = Release|Any CPU
		{07259ACF-FE12-45D2-B65D-39C788D18747}.Release|Any CPU.Build.0 = Release|Any CPU
		{07259ACF-FE12-45D2-B65D-39C788D18747}.Release|Mixed Platforms.ActiveCfg = Release|Any CPU
		{07259ACF-FE12-45D2-B65D-39C788D18747}.Release|Mixed Platforms.Build.0 = Release|Any CPU
		{07259ACF-FE12-45D2-B65D-39C788D18747}.Release|x86.ActiveCfg = Release|Any CPU
		{EF6872FC-C439-47E2-9A28-90FE971645E7}.Debug|Any CPU.ActiveCfg = Debug|Any CPU
		{EF6872FC-C439-47E2-9A28-90FE971645E7}.Debug|Any CPU.Build.0 = Debug|Any CPU
		{EF6872FC-C439-47E2-9A28-90FE971645E7}.Debug|Mixed Platforms.ActiveCfg = Debug|Any CPU
		{EF6872FC-C439-47E2-9A28-90FE971645E7}.Debug|Mixed Platforms.Build.0 = Debug|Any CPU
		{EF6872FC-C439-47E2-9A28-90FE971645E7}.Debug|x86.ActiveCfg = Debug|Any CPU
		{EF6872FC-C439-47E2-9A28-90FE971645E7}.Debug|x86.Build.0 = Debug|Any CPU
		{EF6872FC-C439-47E2-9A28-90FE971645E7}.Release|Any CPU.ActiveCfg = Release|Any CPU
		{EF6872FC-C439-47E2-9A28-90FE971645E7}.Release|Any CPU.Build.0 = Release|Any CPU
		{EF6872FC-C439-47E2-9A28-90FE971645E7}.Release|Mixed Platforms.ActiveCfg = Release|Any CPU
		{EF6872FC-C439-47E2-9A28-90FE971645E7}.Release|Mixed Platforms.Build.0 = Release|Any CPU
		{EF6872FC-C439-47E2-9A28-90FE971645E7}.Release|x86.ActiveCfg = Release|Any CPU
		{12DE7E30-F56C-456B-8C33-4EFF1184283E}.Debug|Any CPU.ActiveCfg = Debug|Any CPU
		{12DE7E30-F56C-456B-8C33-4EFF1184283E}.Debug|Any CPU.Build.0 = Debug|Any CPU
		{12DE7E30-F56C-456B-8C33-4EFF1184283E}.Debug|Mixed Platforms.ActiveCfg = Debug|Any CPU
		{12DE7E30-F56C-456B-8C33-4EFF1184283E}.Debug|Mixed Platforms.Build.0 = Debug|Any CPU
		{12DE7E30-F56C-456B-8C33-4EFF1184283E}.Debug|x86.ActiveCfg = Debug|Any CPU
		{12DE7E30-F56C-456B-8C33-4EFF1184283E}.Debug|x86.Build.0 = Debug|Any CPU
		{12DE7E30-F56C-456B-8C33-4EFF1184283E}.Release|Any CPU.ActiveCfg = Release|Any CPU
		{12DE7E30-F56C-456B-8C33-4EFF1184283E}.Release|Any CPU.Build.0 = Release|Any CPU
		{12DE7E30-F56C-456B-8C33-4EFF1184283E}.Release|Mixed Platforms.ActiveCfg = Release|Any CPU
		{12DE7E30-F56C-456B-8C33-4EFF1184283E}.Release|Mixed Platforms.Build.0 = Release|Any CPU
		{12DE7E30-F56C-456B-8C33-4EFF1184283E}.Release|x86.ActiveCfg = Release|Any CPU
		{43EAE098-99EC-493E-944C-850B4CA8887C}.Debug|Any CPU.ActiveCfg = Debug|Any CPU
		{43EAE098-99EC-493E-944C-850B4CA8887C}.Debug|Any CPU.Build.0 = Debug|Any CPU
		{43EAE098-99EC-493E-944C-850B4CA8887C}.Debug|Mixed Platforms.ActiveCfg = Debug|Any CPU
		{43EAE098-99EC-493E-944C-850B4CA8887C}.Debug|Mixed Platforms.Build.0 = Debug|Any CPU
		{43EAE098-99EC-493E-944C-850B4CA8887C}.Debug|x86.ActiveCfg = Debug|Any CPU
		{43EAE098-99EC-493E-944C-850B4CA8887C}.Debug|x86.Build.0 = Debug|Any CPU
		{43EAE098-99EC-493E-944C-850B4CA8887C}.Release|Any CPU.ActiveCfg = Release|Any CPU
		{43EAE098-99EC-493E-944C-850B4CA8887C}.Release|Any CPU.Build.0 = Release|Any CPU
		{43EAE098-99EC-493E-944C-850B4CA8887C}.Release|Mixed Platforms.ActiveCfg = Release|Any CPU
		{43EAE098-99EC-493E-944C-850B4CA8887C}.Release|Mixed Platforms.Build.0 = Release|Any CPU
		{43EAE098-99EC-493E-944C-850B4CA8887C}.Release|x86.ActiveCfg = Release|Any CPU
		{0B509F7D-A6C6-400C-A10C-D44BF19AE624}.Debug|Any CPU.ActiveCfg = Debug|Any CPU
		{0B509F7D-A6C6-400C-A10C-D44BF19AE624}.Debug|Any CPU.Build.0 = Debug|Any CPU
		{0B509F7D-A6C6-400C-A10C-D44BF19AE624}.Debug|Mixed Platforms.ActiveCfg = Debug|Any CPU
		{0B509F7D-A6C6-400C-A10C-D44BF19AE624}.Debug|Mixed Platforms.Build.0 = Debug|Any CPU
		{0B509F7D-A6C6-400C-A10C-D44BF19AE624}.Debug|x86.ActiveCfg = Debug|Any CPU
		{0B509F7D-A6C6-400C-A10C-D44BF19AE624}.Debug|x86.Build.0 = Debug|Any CPU
		{0B509F7D-A6C6-400C-A10C-D44BF19AE624}.Release|Any CPU.ActiveCfg = Release|Any CPU
		{0B509F7D-A6C6-400C-A10C-D44BF19AE624}.Release|Any CPU.Build.0 = Release|Any CPU
		{0B509F7D-A6C6-400C-A10C-D44BF19AE624}.Release|Mixed Platforms.ActiveCfg = Release|Any CPU
		{0B509F7D-A6C6-400C-A10C-D44BF19AE624}.Release|Mixed Platforms.Build.0 = Release|Any CPU
		{0B509F7D-A6C6-400C-A10C-D44BF19AE624}.Release|x86.ActiveCfg = Release|Any CPU
	EndGlobalSection
	GlobalSection(SolutionProperties) = preSolution
		HideSolutionNode = FALSE
	EndGlobalSection
EndGlobal
